
Microsoft Visual Studio Solution File, Format Version 12.00
# Visual Studio 14
VisualStudioVersion = 14.0.25420.1
MinimumVisualStudioVersion = 10.0.40219.1
Project("{FAE04EC0-301F-11D3-BF4B-00C04F79EFBC}") = "Zad3_4_5", "Zad3,4,5\Zad3_4_5.csproj", "{6F39752E-4393-4FBD-A35B-66CBFFB22BF4}"
EndProject
Project("{FAE04EC0-301F-11D3-BF4B-00C04F79EFBC}") = "Zadatak6", "Zadatak6\Zadatak6.csproj", "{AA5A5AD6-FE66-4538-9181-6E2028D96171}"
EndProject
Project("{FAE04EC0-301F-11D3-BF4B-00C04F79EFBC}") = "Zadatak7", "Zadatak7\Zadatak7.csproj", "{AAC008ED-9D03-4734-B8D3-A302432BAAB9}"
EndProject
Project("{FAE04EC0-301F-11D3-BF4B-00C04F79EFBC}") = "Zad1", "Zad1\Zad1.csproj", "{B9C39F08-DD6D-4890-A649-D75BD70FC2D2}"
EndProject
Project("{FAE04EC0-301F-11D3-BF4B-00C04F79EFBC}") = "Zad1Tests", "Zad1Tests\Zad1Tests.csproj", "{FE3D4925-8871-48FB-A50A-6D5CEAA61714}"
EndProject
Global
	GlobalSection(SolutionConfigurationPlatforms) = preSolution
		Debug|Any CPU = Debug|Any CPU
		Release|Any CPU = Release|Any CPU
	EndGlobalSection
	GlobalSection(ProjectConfigurationPlatforms) = postSolution
		{6F39752E-4393-4FBD-A35B-66CBFFB22BF4}.Debug|Any CPU.ActiveCfg = Debug|Any CPU
		{6F39752E-4393-4FBD-A35B-66CBFFB22BF4}.Debug|Any CPU.Build.0 = Debug|Any CPU
		{6F39752E-4393-4FBD-A35B-66CBFFB22BF4}.Release|Any CPU.ActiveCfg = Release|Any CPU
		{6F39752E-4393-4FBD-A35B-66CBFFB22BF4}.Release|Any CPU.Build.0 = Release|Any CPU
		{AA5A5AD6-FE66-4538-9181-6E2028D96171}.Debug|Any CPU.ActiveCfg = Debug|Any CPU
		{AA5A5AD6-FE66-4538-9181-6E2028D96171}.Debug|Any CPU.Build.0 = Debug|Any CPU
		{AA5A5AD6-FE66-4538-9181-6E2028D96171}.Release|Any CPU.ActiveCfg = Release|Any CPU
		{AA5A5AD6-FE66-4538-9181-6E2028D96171}.Release|Any CPU.Build.0 = Release|Any CPU
		{AAC008ED-9D03-4734-B8D3-A302432BAAB9}.Debug|Any CPU.ActiveCfg = Debug|Any CPU
		{AAC008ED-9D03-4734-B8D3-A302432BAAB9}.Debug|Any CPU.Build.0 = Debug|Any CPU
		{AAC008ED-9D03-4734-B8D3-A302432BAAB9}.Release|Any CPU.ActiveCfg = Release|Any CPU
		{AAC008ED-9D03-4734-B8D3-A302432BAAB9}.Release|Any CPU.Build.0 = Release|Any CPU
		{B9C39F08-DD6D-4890-A649-D75BD70FC2D2}.Debug|Any CPU.ActiveCfg = Debug|Any CPU
		{B9C39F08-DD6D-4890-A649-D75BD70FC2D2}.Debug|Any CPU.Build.0 = Debug|Any CPU
		{B9C39F08-DD6D-4890-A649-D75BD70FC2D2}.Release|Any CPU.ActiveCfg = Release|Any CPU
		{B9C39F08-DD6D-4890-A649-D75BD70FC2D2}.Release|Any CPU.Build.0 = Release|Any CPU
		{FE3D4925-8871-48FB-A50A-6D5CEAA61714}.Debug|Any CPU.ActiveCfg = Debug|Any CPU
		{FE3D4925-8871-48FB-A50A-6D5CEAA61714}.Debug|Any CPU.Build.0 = Debug|Any CPU
		{FE3D4925-8871-48FB-A50A-6D5CEAA61714}.Release|Any CPU.ActiveCfg = Release|Any CPU
		{FE3D4925-8871-48FB-A50A-6D5CEAA61714}.Release|Any CPU.Build.0 = Release|Any CPU
	EndGlobalSection
	GlobalSection(SolutionProperties) = preSolution
		HideSolutionNode = FALSE
	EndGlobalSection
EndGlobal
